// !$*UTF8*$!
{
	archiveVersion = 1;
	classes = {
	};
	objectVersion = 50;
	objects = {

/* Begin PBXBuildFile section */
		F388576925AC603B00BEA392 /* AppDelegate.m in Sources */ = {isa = PBXBuildFile; fileRef = F388576825AC603B00BEA392 /* AppDelegate.m */; };
		F388576C25AC603B00BEA392 /* ViewController.m in Sources */ = {isa = PBXBuildFile; fileRef = F388576B25AC603B00BEA392 /* ViewController.m */; };
		F388576F25AC603B00BEA392 /* Document.m in Sources */ = {isa = PBXBuildFile; fileRef = F388576E25AC603B00BEA392 /* Document.m */; };
		F388577125AC603C00BEA392 /* Assets.xcassets in Resources */ = {isa = PBXBuildFile; fileRef = F388577025AC603C00BEA392 /* Assets.xcassets */; };
		F388577425AC603C00BEA392 /* Main.storyboard in Resources */ = {isa = PBXBuildFile; fileRef = F388577225AC603C00BEA392 /* Main.storyboard */; };
		F388577725AC603C00BEA392 /* main.m in Sources */ = {isa = PBXBuildFile; fileRef = F388577625AC603C00BEA392 /* main.m */; };
		F388578125AC664B00BEA392 /* Screenshot.m in Sources */ = {isa = PBXBuildFile; fileRef = F388578025AC664B00BEA392 /* Screenshot.m */; };
		F388578425AC666700BEA392 /* fonts in Resources */ = {isa = PBXBuildFile; fileRef = F388578325AC666700BEA392 /* fonts */; };
/* End PBXBuildFile section */

/* Begin PBXFileReference section */
		F388576425AC603B00BEA392 /* Project13.app */ = {isa = PBXFileReference; explicitFileType = wrapper.application; includeInIndex = 0; path = Project13.app; sourceTree = BUILT_PRODUCTS_DIR; };
		F388576725AC603B00BEA392 /* AppDelegate.h */ = {isa = PBXFileReference; lastKnownFileType = sourcecode.c.h; path = AppDelegate.h; sourceTree = "<group>"; };
		F388576825AC603B00BEA392 /* AppDelegate.m */ = {isa = PBXFileReference; lastKnownFileType = sourcecode.c.objc; path = AppDelegate.m; sourceTree = "<group>"; };
		F388576A25AC603B00BEA392 /* ViewController.h */ = {isa = PBXFileReference; lastKnownFileType = sourcecode.c.h; path = ViewController.h; sourceTree = "<group>"; };
		F388576B25AC603B00BEA392 /* ViewController.m */ = {isa = PBXFileReference; lastKnownFileType = sourcecode.c.objc; path = ViewController.m; sourceTree = "<group>"; };
		F388576D25AC603B00BEA392 /* Document.h */ = {isa = PBXFileReference; lastKnownFileType = sourcecode.c.h; path = Document.h; sourceTree = "<group>"; };
		F388576E25AC603B00BEA392 /* Document.m */ = {isa = PBXFileReference; lastKnownFileType = sourcecode.c.objc; path = Document.m; sourceTree = "<group>"; };
		F388577025AC603C00BEA392 /* Assets.xcassets */ = {isa = PBXFileReference; lastKnownFileType = folder.assetcatalog; path = Assets.xcassets; sourceTree = "<group>"; };
		F388577325AC603C00BEA392 /* Base */ = {isa = PBXFileReference; lastKnownFileType = file.storyboard; name = Base; path = Base.lproj/Main.storyboard; sourceTree = "<group>"; };
		F388577525AC603C00BEA392 /* Info.plist */ = {isa = PBXFileReference; lastKnownFileType = text.plist.xml; path = Info.plist; sourceTree = "<group>"; };
		F388577625AC603C00BEA392 /* main.m */ = {isa = PBXFileReference; lastKnownFileType = sourcecode.c.objc; path = main.m; sourceTree = "<group>"; };
		F388577825AC603C00BEA392 /* Project13.entitlements */ = {isa = PBXFileReference; lastKnownFileType = text.plist.entitlements; path = Project13.entitlements; sourceTree = "<group>"; };
		F388577F25AC664B00BEA392 /* Screenshot.h */ = {isa = PBXFileReference; lastKnownFileType = sourcecode.c.h; path = Screenshot.h; sourceTree = "<group>"; };
		F388578025AC664B00BEA392 /* Screenshot.m */ = {isa = PBXFileReference; lastKnownFileType = sourcecode.c.objc; path = Screenshot.m; sourceTree = "<group>"; };
		F388578325AC666700BEA392 /* fonts */ = {isa = PBXFileReference; fileEncoding = 4; lastKnownFileType = text; path = fonts; sourceTree = "<group>"; };
/* End PBXFileReference section */

/* Begin PBXFrameworksBuildPhase section */
		F388576125AC603B00BEA392 /* Frameworks */ = {
			isa = PBXFrameworksBuildPhase;
			buildActionMask = 2147483647;
			files = (
			);
			runOnlyForDeploymentPostprocessing = 0;
		};
/* End PBXFrameworksBuildPhase section */

/* Begin PBXGroup section */
		F388575B25AC603B00BEA392 = {
			isa = PBXGroup;
			children = (
				F388576625AC603B00BEA392 /* Project13 */,
				F388576525AC603B00BEA392 /* Products */,
			);
			sourceTree = "<group>";
		};
		F388576525AC603B00BEA392 /* Products */ = {
			isa = PBXGroup;
			children = (
				F388576425AC603B00BEA392 /* Project13.app */,
			);
			name = Products;
			sourceTree = "<group>";
		};
		F388576625AC603B00BEA392 /* Project13 */ = {
			isa = PBXGroup;
			children = (
				F388576725AC603B00BEA392 /* AppDelegate.h */,
				F388576825AC603B00BEA392 /* AppDelegate.m */,
				F388576A25AC603B00BEA392 /* ViewController.h */,
				F388576B25AC603B00BEA392 /* ViewController.m */,
				F388576D25AC603B00BEA392 /* Document.h */,
				F388576E25AC603B00BEA392 /* Document.m */,
				F388577025AC603C00BEA392 /* Assets.xcassets */,
				F388577225AC603C00BEA392 /* Main.storyboard */,
				F388577525AC603C00BEA392 /* Info.plist */,
				F388577625AC603C00BEA392 /* main.m */,
				F388577825AC603C00BEA392 /* Project13.entitlements */,
				F388577F25AC664B00BEA392 /* Screenshot.h */,
				F388578025AC664B00BEA392 /* Screenshot.m */,
				F388578325AC666700BEA392 /* fonts */,
			);
			path = Project13;
			sourceTree = "<group>";
		};
/* End PBXGroup section */

/* Begin PBXNativeTarget section */
		F388576325AC603B00BEA392 /* Project13 */ = {
			isa = PBXNativeTarget;
			buildConfigurationList = F388577B25AC603C00BEA392 /* Build configuration list for PBXNativeTarget "Project13" */;
			buildPhases = (
				F388576025AC603B00BEA392 /* Sources */,
				F388576125AC603B00BEA392 /* Frameworks */,
				F388576225AC603B00BEA392 /* Resources */,
			);
			buildRules = (
			);
			dependencies = (
			);
			name = Project13;
			productName = Project13;
			productReference = F388576425AC603B00BEA392 /* Project13.app */;
			productType = "com.apple.product-type.application";
		};
/* End PBXNativeTarget section */

/* Begin PBXProject section */
		F388575C25AC603B00BEA392 /* Project object */ = {
			isa = PBXProject;
			attributes = {
				LastUpgradeCheck = 1230;
				TargetAttributes = {
					F388576325AC603B00BEA392 = {
						CreatedOnToolsVersion = 12.3;
					};
				};
			};
			buildConfigurationList = F388575F25AC603B00BEA392 /* Build configuration list for PBXProject "Project13" */;
			compatibilityVersion = "Xcode 9.3";
			developmentRegion = en;
			hasScannedForEncodings = 0;
			knownRegions = (
				en,
				Base,
			);
			mainGroup = F388575B25AC603B00BEA392;
			productRefGroup = F388576525AC603B00BEA392 /* Products */;
			projectDirPath = "";
			projectRoot = "";
			targets = (
				F388576325AC603B00BEA392 /* Project13 */,
			);
		};
/* End PBXProject section */

/* Begin PBXResourcesBuildPhase section */
		F388576225AC603B00BEA392 /* Resources */ = {
			isa = PBXResourcesBuildPhase;
			buildActionMask = 2147483647;
			files = (
				F388578425AC666700BEA392 /* fonts in Resources */,
				F388577125AC603C00BEA392 /* Assets.xcassets in Resources */,
				F388577425AC603C00BEA392 /* Main.storyboard in Resources */,
			);
			runOnlyForDeploymentPostprocessing = 0;
		};
/* End PBXResourcesBuildPhase section */

/* Begin PBXSourcesBuildPhase section */
		F388576025AC603B00BEA392 /* Sources */ = {
			isa = PBXSourcesBuildPhase;
			buildActionMask = 2147483647;
			files = (
				F388576F25AC603B00BEA392 /* Document.m in Sources */,
				F388576C25AC603B00BEA392 /* ViewController.m in Sources */,
				F388578125AC664B00BEA392 /* Screenshot.m in Sources */,
				F388577725AC603C00BEA392 /* main.m in Sources */,
				F388576925AC603B00BEA392 /* AppDelegate.m in Sources */,
			);
			runOnlyForDeploymentPostprocessing = 0;
		};
/* End PBXSourcesBuildPhase section */

/* Begin PBXVariantGroup section */
		F388577225AC603C00BEA392 /* Main.storyboard */ = {
			isa = PBXVariantGroup;
			children = (
				F388577325AC603C00BEA392 /* Base */,
			);
			name = Main.storyboard;
			sourceTree = "<group>";
		};
/* End PBXVariantGroup section */

/* Begin XCBuildConfiguration section */
		F388577925AC603C00BEA392 /* Debug */ = {
			isa = XCBuildConfiguration;
			buildSettings = {
				ALWAYS_SEARCH_USER_PATHS = NO;
				CLANG_ANALYZER_NONNULL = YES;
				CLANG_ANALYZER_NUMBER_OBJECT_CONVERSION = YES_AGGRESSIVE;
				CLANG_CXX_LANGUAGE_STANDARD = "gnu++14";
				CLANG_CXX_LIBRARY = "libc++";
				CLANG_ENABLE_MODULES = YES;
				CLANG_ENABLE_OBJC_ARC = YES;
				CLANG_ENABLE_OBJC_WEAK = YES;
				CLANG_WARN_BLOCK_CAPTURE_AUTORELEASING = YES;
				CLANG_WARN_BOOL_CONVERSION = YES;
				CLANG_WARN_COMMA = YES;
				CLANG_WARN_CONSTANT_CONVERSION = YES;
				CLANG_WARN_DEPRECATED_OBJC_IMPLEMENTATIONS = YES;
				CLANG_WARN_DIRECT_OBJC_ISA_USAGE = YES_ERROR;
				CLANG_WARN_DOCUMENTATION_COMMENTS = YES;
				CLANG_WARN_EMPTY_BODY = YES;
				CLANG_WARN_ENUM_CONVERSION = YES;
				CLANG_WARN_INFINITE_RECURSION = YES;
				CLANG_WARN_INT_CONVERSION = YES;
				CLANG_WARN_NON_LITERAL_NULL_CONVERSION = YES;
				CLANG_WARN_OBJC_IMPLICIT_RETAIN_SELF = YES;
				CLANG_WARN_OBJC_LITERAL_CONVERSION = YES;
				CLANG_WARN_OBJC_ROOT_CLASS = YES_ERROR;
				CLANG_WARN_QUOTED_INCLUDE_IN_FRAMEWORK_HEADER = YES;
				CLANG_WARN_RANGE_LOOP_ANALYSIS = YES;
				CLANG_WARN_STRICT_PROTOTYPES = YES;
				CLANG_WARN_SUSPICIOUS_MOVE = YES;
				CLANG_WARN_UNGUARDED_AVAILABILITY = YES_AGGRESSIVE;
				CLANG_WARN_UNREACHABLE_CODE = YES;
				CLANG_WARN__DUPLICATE_METHOD_MATCH = YES;
				COPY_PHASE_STRIP = NO;
				DEBUG_INFORMATION_FORMAT = dwarf;
				ENABLE_STRICT_OBJC_MSGSEND = YES;
				ENABLE_TESTABILITY = YES;
				GCC_C_LANGUAGE_STANDARD = gnu11;
				GCC_DYNAMIC_NO_PIC = NO;
				GCC_NO_COMMON_BLOCKS = YES;
				GCC_OPTIMIZATION_LEVEL = 0;
				GCC_PREPROCESSOR_DEFINITIONS = (
					"DEBUG=1",
					"$(inherited)",
				);
				GCC_WARN_64_TO_32_BIT_CONVERSION = YES;
				GCC_WARN_ABOUT_RETURN_TYPE = YES_ERROR;
				GCC_WARN_UNDECLARED_SELECTOR = YES;
				GCC_WARN_UNINITIALIZED_AUTOS = YES_AGGRESSIVE;
				GCC_WARN_UNUSED_FUNCTION = YES;
				GCC_WARN_UNUSED_VARIABLE = YES;
				MACOSX_DEPLOYMENT_TARGET = 11.1;
				MTL_ENABLE_DEBUG_INFO = INCLUDE_SOURCE;
				MTL_FAST_MATH = YES;
				ONLY_ACTIVE_ARCH = YES;
				SDKROOT = macosx;
			};
			name = Debug;
		};
		F388577A25AC603C00BEA392 /* Release */ = {
			isa = XCBuildConfiguration;
			buildSettings = {
				ALWAYS_SEARCH_USER_PATHS = NO;
				CLANG_ANALYZER_NONNULL = YES;
				CLANG_ANALYZER_NUMBER_OBJECT_CONVERSION = YES_AGGRESSIVE;
				CLANG_CXX_LANGUAGE_STANDARD = "gnu++14";
				CLANG_CXX_LIBRARY = "libc++";
				CLANG_ENABLE_MODULES = YES;
				CLANG_ENABLE_OBJC_ARC = YES;
				CLANG_ENABLE_OBJC_WEAK = YES;
				CLANG_WARN_BLOCK_CAPTURE_AUTORELEASING = YES;
				CLANG_WARN_BOOL_CONVERSION = YES;
				CLANG_WARN_COMMA = YES;
				CLANG_WARN_CONSTANT_CONVERSION = YES;
				CLANG_WARN_DEPRECATED_OBJC_IMPLEMENTATIONS = YES;
				CLANG_WARN_DIRECT_OBJC_ISA_USAGE = YES_ERROR;
				CLANG_WARN_DOCUMENTATION_COMMENTS = YES;
				CLANG_WARN_EMPTY_BODY = YES;
				CLANG_WARN_ENUM_CONVERSION = YES;
				CLANG_WARN_INFINITE_RECURSION = YES;
				CLANG_WARN_INT_CONVERSION = YES;
				CLANG_WARN_NON_LITERAL_NULL_CONVERSION = YES;
				CLANG_WARN_OBJC_IMPLICIT_RETAIN_SELF = YES;
				CLANG_WARN_OBJC_LITERAL_CONVERSION = YES;
				CLANG_WARN_OBJC_ROOT_CLASS = YES_ERROR;
				CLANG_WARN_QUOTED_INCLUDE_IN_FRAMEWORK_HEADER = YES;
				CLANG_WARN_RANGE_LOOP_ANALYSIS = YES;
				CLANG_WARN_STRICT_PROTOTYPES = YES;
				CLANG_WARN_SUSPICIOUS_MOVE = YES;
				CLANG_WARN_UNGUARDED_AVAILABILITY = YES_AGGRESSIVE;
				CLANG_WARN_UNREACHABLE_CODE = YES;
				CLANG_WARN__DUPLICATE_METHOD_MATCH = YES;
				COPY_PHASE_STRIP = NO;
				DEBUG_INFORMATION_FORMAT = "dwarf-with-dsym";
				ENABLE_NS_ASSERTIONS = NO;
				ENABLE_STRICT_OBJC_MSGSEND = YES;
				GCC_C_LANGUAGE_STANDARD = gnu11;
				GCC_NO_COMMON_BLOCKS = YES;
				GCC_WARN_64_TO_32_BIT_CONVERSION = YES;
				GCC_WARN_ABOUT_RETURN_TYPE = YES_ERROR;
				GCC_WARN_UNDECLARED_SELECTOR = YES;
				GCC_WARN_UNINITIALIZED_AUTOS = YES_AGGRESSIVE;
				GCC_WARN_UNUSED_FUNCTION = YES;
				GCC_WARN_UNUSED_VARIABLE = YES;
				MACOSX_DEPLOYMENT_TARGET = 11.1;
				MTL_ENABLE_DEBUG_INFO = NO;
				MTL_FAST_MATH = YES;
				SDKROOT = macosx;
			};
			name = Release;
		};
		F388577C25AC603C00BEA392 /* Debug */ = {
			isa = XCBuildConfiguration;
			buildSettings = {
				ASSETCATALOG_COMPILER_APPICON_NAME = AppIcon;
				ASSETCATALOG_COMPILER_GLOBAL_ACCENT_COLOR_NAME = AccentColor;
				CODE_SIGN_ENTITLEMENTS = Project13/Project13.entitlements;
				CODE_SIGN_STYLE = Automatic;
				COMBINE_HIDPI_IMAGES = YES;
				DEVELOPMENT_TEAM = P53D29U9LJ;
				ENABLE_HARDENED_RUNTIME = YES;
				INFOPLIST_FILE = Project13/Info.plist;
				LD_RUNPATH_SEARCH_PATHS = (
					"$(inherited)",
					"@executable_path/../Frameworks",
				);
				PRODUCT_BUNDLE_IDENTIFIER = com.pookjw.Project13;
				PRODUCT_NAME = "$(TARGET_NAME)";
			};
			name = Debug;
		};
		F388577D25AC603C00BEA392 /* Release */ = {
			isa = XCBuildConfiguration;
			buildSettings = {
				ASSETCATALOG_COMPILER_APPICON_NAME = AppIcon;
				ASSETCATALOG_COMPILER_GLOBAL_ACCENT_COLOR_NAME = AccentColor;
				CODE_SIGN_ENTITLEMENTS = Project13/Project13.entitlements;
				CODE_SIGN_STYLE = Automatic;
				COMBINE_HIDPI_IMAGES = YES;
				DEVELOPMENT_TEAM = P53D29U9LJ;
				ENABLE_HARDENED_RUNTIME = YES;
				INFOPLIST_FILE = Project13/Info.plist;
				LD_RUNPATH_SEARCH_PATHS = (
					"$(inherited)",
					"@executable_path/../Frameworks",
				);
				PRODUCT_BUNDLE_IDENTIFIER = com.pookjw.Project13;
				PRODUCT_NAME = "$(TARGET_NAME)";
			};
			name = Release;
		};
/* End XCBuildConfiguration section */

/* Begin XCConfigurationList section */
		F388575F25AC603B00BEA392 /* Build configuration list for PBXProject "Project13" */ = {
			isa = XCConfigurationList;
			buildConfigurations = (
				F388577925AC603C00BEA392 /* Debug */,
				F388577A25AC603C00BEA392 /* Release */,
			);
			defaultConfigurationIsVisible = 0;
			defaultConfigurationName = Release;
		};
		F388577B25AC603C00BEA392 /* Build configuration list for PBXNativeTarget "Project13" */ = {
			isa = XCConfigurationList;
			buildConfigurations = (
				F388577C25AC603C00BEA392 /* Debug */,
				F388577D25AC603C00BEA392 /* Release */,
			);
			defaultConfigurationIsVisible = 0;
			defaultConfigurationName = Release;
		};
/* End XCConfigurationList section */
	};
	rootObject = F388575C25AC603B00BEA392 /* Project object */;
}
