// !$*UTF8*$!
{
	archiveVersion = 1;
	classes = {
	};
	objectVersion = 50;
	objects = {

/* Begin PBXBuildFile section */
		F307221A25AF0DF50039577C /* AppDelegate.m in Sources */ = {isa = PBXBuildFile; fileRef = F307221925AF0DF50039577C /* AppDelegate.m */; };
		F307221D25AF0DF50039577C /* ViewController.m in Sources */ = {isa = PBXBuildFile; fileRef = F307221C25AF0DF50039577C /* ViewController.m */; };
		F307221F25AF0DF70039577C /* Assets.xcassets in Resources */ = {isa = PBXBuildFile; fileRef = F307221E25AF0DF70039577C /* Assets.xcassets */; };
		F307222225AF0DF70039577C /* Main.storyboard in Resources */ = {isa = PBXBuildFile; fileRef = F307222025AF0DF70039577C /* Main.storyboard */; };
		F307222525AF0DF70039577C /* main.m in Sources */ = {isa = PBXBuildFile; fileRef = F307222425AF0DF70039577C /* main.m */; };
		F307222F25AF0E360039577C /* Review.m in Sources */ = {isa = PBXBuildFile; fileRef = F307222E25AF0E360039577C /* Review.m */; };
		F307223325AF165E0039577C /* StarFormatter.m in Sources */ = {isa = PBXBuildFile; fileRef = F307223225AF165E0039577C /* StarFormatter.m */; };
/* End PBXBuildFile section */

/* Begin PBXFileReference section */
		F307221525AF0DF50039577C /* Project16.app */ = {isa = PBXFileReference; explicitFileType = wrapper.application; includeInIndex = 0; path = Project16.app; sourceTree = BUILT_PRODUCTS_DIR; };
		F307221825AF0DF50039577C /* AppDelegate.h */ = {isa = PBXFileReference; lastKnownFileType = sourcecode.c.h; path = AppDelegate.h; sourceTree = "<group>"; };
		F307221925AF0DF50039577C /* AppDelegate.m */ = {isa = PBXFileReference; lastKnownFileType = sourcecode.c.objc; path = AppDelegate.m; sourceTree = "<group>"; };
		F307221B25AF0DF50039577C /* ViewController.h */ = {isa = PBXFileReference; lastKnownFileType = sourcecode.c.h; path = ViewController.h; sourceTree = "<group>"; };
		F307221C25AF0DF50039577C /* ViewController.m */ = {isa = PBXFileReference; lastKnownFileType = sourcecode.c.objc; path = ViewController.m; sourceTree = "<group>"; };
		F307221E25AF0DF70039577C /* Assets.xcassets */ = {isa = PBXFileReference; lastKnownFileType = folder.assetcatalog; path = Assets.xcassets; sourceTree = "<group>"; };
		F307222125AF0DF70039577C /* Base */ = {isa = PBXFileReference; lastKnownFileType = file.storyboard; name = Base; path = Base.lproj/Main.storyboard; sourceTree = "<group>"; };
		F307222325AF0DF70039577C /* Info.plist */ = {isa = PBXFileReference; lastKnownFileType = text.plist.xml; path = Info.plist; sourceTree = "<group>"; };
		F307222425AF0DF70039577C /* main.m */ = {isa = PBXFileReference; lastKnownFileType = sourcecode.c.objc; path = main.m; sourceTree = "<group>"; };
		F307222625AF0DF70039577C /* Project16.entitlements */ = {isa = PBXFileReference; lastKnownFileType = text.plist.entitlements; path = Project16.entitlements; sourceTree = "<group>"; };
		F307222D25AF0E360039577C /* Review.h */ = {isa = PBXFileReference; lastKnownFileType = sourcecode.c.h; path = Review.h; sourceTree = "<group>"; };
		F307222E25AF0E360039577C /* Review.m */ = {isa = PBXFileReference; lastKnownFileType = sourcecode.c.objc; path = Review.m; sourceTree = "<group>"; };
		F307223125AF165E0039577C /* StarFormatter.h */ = {isa = PBXFileReference; lastKnownFileType = sourcecode.c.h; path = StarFormatter.h; sourceTree = "<group>"; };
		F307223225AF165E0039577C /* StarFormatter.m */ = {isa = PBXFileReference; lastKnownFileType = sourcecode.c.objc; path = StarFormatter.m; sourceTree = "<group>"; };
/* End PBXFileReference section */

/* Begin PBXFrameworksBuildPhase section */
		F307221225AF0DF50039577C /* Frameworks */ = {
			isa = PBXFrameworksBuildPhase;
			buildActionMask = 2147483647;
			files = (
			);
			runOnlyForDeploymentPostprocessing = 0;
		};
/* End PBXFrameworksBuildPhase section */

/* Begin PBXGroup section */
		F307220C25AF0DF50039577C = {
			isa = PBXGroup;
			children = (
				F307221725AF0DF50039577C /* Project16 */,
				F307221625AF0DF50039577C /* Products */,
			);
			sourceTree = "<group>";
		};
		F307221625AF0DF50039577C /* Products */ = {
			isa = PBXGroup;
			children = (
				F307221525AF0DF50039577C /* Project16.app */,
			);
			name = Products;
			sourceTree = "<group>";
		};
		F307221725AF0DF50039577C /* Project16 */ = {
			isa = PBXGroup;
			children = (
				F307221825AF0DF50039577C /* AppDelegate.h */,
				F307221925AF0DF50039577C /* AppDelegate.m */,
				F307221B25AF0DF50039577C /* ViewController.h */,
				F307221C25AF0DF50039577C /* ViewController.m */,
				F307221E25AF0DF70039577C /* Assets.xcassets */,
				F307222025AF0DF70039577C /* Main.storyboard */,
				F307223125AF165E0039577C /* StarFormatter.h */,
				F307223225AF165E0039577C /* StarFormatter.m */,
				F307222D25AF0E360039577C /* Review.h */,
				F307222E25AF0E360039577C /* Review.m */,
				F307222325AF0DF70039577C /* Info.plist */,
				F307222425AF0DF70039577C /* main.m */,
				F307222625AF0DF70039577C /* Project16.entitlements */,
			);
			path = Project16;
			sourceTree = "<group>";
		};
/* End PBXGroup section */

/* Begin PBXNativeTarget section */
		F307221425AF0DF50039577C /* Project16 */ = {
			isa = PBXNativeTarget;
			buildConfigurationList = F307222925AF0DF70039577C /* Build configuration list for PBXNativeTarget "Project16" */;
			buildPhases = (
				F307221125AF0DF50039577C /* Sources */,
				F307221225AF0DF50039577C /* Frameworks */,
				F307221325AF0DF50039577C /* Resources */,
			);
			buildRules = (
			);
			dependencies = (
			);
			name = Project16;
			productName = Project16;
			productReference = F307221525AF0DF50039577C /* Project16.app */;
			productType = "com.apple.product-type.application";
		};
/* End PBXNativeTarget section */

/* Begin PBXProject section */
		F307220D25AF0DF50039577C /* Project object */ = {
			isa = PBXProject;
			attributes = {
				LastUpgradeCheck = 1230;
				TargetAttributes = {
					F307221425AF0DF50039577C = {
						CreatedOnToolsVersion = 12.3;
					};
				};
			};
			buildConfigurationList = F307221025AF0DF50039577C /* Build configuration list for PBXProject "Project16" */;
			compatibilityVersion = "Xcode 9.3";
			developmentRegion = en;
			hasScannedForEncodings = 0;
			knownRegions = (
				en,
				Base,
			);
			mainGroup = F307220C25AF0DF50039577C;
			productRefGroup = F307221625AF0DF50039577C /* Products */;
			projectDirPath = "";
			projectRoot = "";
			targets = (
				F307221425AF0DF50039577C /* Project16 */,
			);
		};
/* End PBXProject section */

/* Begin PBXResourcesBuildPhase section */
		F307221325AF0DF50039577C /* Resources */ = {
			isa = PBXResourcesBuildPhase;
			buildActionMask = 2147483647;
			files = (
				F307221F25AF0DF70039577C /* Assets.xcassets in Resources */,
				F307222225AF0DF70039577C /* Main.storyboard in Resources */,
			);
			runOnlyForDeploymentPostprocessing = 0;
		};
/* End PBXResourcesBuildPhase section */

/* Begin PBXSourcesBuildPhase section */
		F307221125AF0DF50039577C /* Sources */ = {
			isa = PBXSourcesBuildPhase;
			buildActionMask = 2147483647;
			files = (
				F307223325AF165E0039577C /* StarFormatter.m in Sources */,
				F307221D25AF0DF50039577C /* ViewController.m in Sources */,
				F307222F25AF0E360039577C /* Review.m in Sources */,
				F307222525AF0DF70039577C /* main.m in Sources */,
				F307221A25AF0DF50039577C /* AppDelegate.m in Sources */,
			);
			runOnlyForDeploymentPostprocessing = 0;
		};
/* End PBXSourcesBuildPhase section */

/* Begin PBXVariantGroup section */
		F307222025AF0DF70039577C /* Main.storyboard */ = {
			isa = PBXVariantGroup;
			children = (
				F307222125AF0DF70039577C /* Base */,
			);
			name = Main.storyboard;
			sourceTree = "<group>";
		};
/* End PBXVariantGroup section */

/* Begin XCBuildConfiguration section */
		F307222725AF0DF70039577C /* Debug */ = {
			isa = XCBuildConfiguration;
			buildSettings = {
				ALWAYS_SEARCH_USER_PATHS = NO;
				CLANG_ANALYZER_NONNULL = YES;
				CLANG_ANALYZER_NUMBER_OBJECT_CONVERSION = YES_AGGRESSIVE;
				CLANG_CXX_LANGUAGE_STANDARD = "gnu++14";
				CLANG_CXX_LIBRARY = "libc++";
				CLANG_ENABLE_MODULES = YES;
				CLANG_ENABLE_OBJC_ARC = YES;
				CLANG_ENABLE_OBJC_WEAK = YES;
				CLANG_WARN_BLOCK_CAPTURE_AUTORELEASING = YES;
				CLANG_WARN_BOOL_CONVERSION = YES;
				CLANG_WARN_COMMA = YES;
				CLANG_WARN_CONSTANT_CONVERSION = YES;
				CLANG_WARN_DEPRECATED_OBJC_IMPLEMENTATIONS = YES;
				CLANG_WARN_DIRECT_OBJC_ISA_USAGE = YES_ERROR;
				CLANG_WARN_DOCUMENTATION_COMMENTS = YES;
				CLANG_WARN_EMPTY_BODY = YES;
				CLANG_WARN_ENUM_CONVERSION = YES;
				CLANG_WARN_INFINITE_RECURSION = YES;
				CLANG_WARN_INT_CONVERSION = YES;
				CLANG_WARN_NON_LITERAL_NULL_CONVERSION = YES;
				CLANG_WARN_OBJC_IMPLICIT_RETAIN_SELF = YES;
				CLANG_WARN_OBJC_LITERAL_CONVERSION = YES;
				CLANG_WARN_OBJC_ROOT_CLASS = YES_ERROR;
				CLANG_WARN_QUOTED_INCLUDE_IN_FRAMEWORK_HEADER = YES;
				CLANG_WARN_RANGE_LOOP_ANALYSIS = YES;
				CLANG_WARN_STRICT_PROTOTYPES = YES;
				CLANG_WARN_SUSPICIOUS_MOVE = YES;
				CLANG_WARN_UNGUARDED_AVAILABILITY = YES_AGGRESSIVE;
				CLANG_WARN_UNREACHABLE_CODE = YES;
				CLANG_WARN__DUPLICATE_METHOD_MATCH = YES;
				COPY_PHASE_STRIP = NO;
				DEBUG_INFORMATION_FORMAT = dwarf;
				ENABLE_STRICT_OBJC_MSGSEND = YES;
				ENABLE_TESTABILITY = YES;
				GCC_C_LANGUAGE_STANDARD = gnu11;
				GCC_DYNAMIC_NO_PIC = NO;
				GCC_NO_COMMON_BLOCKS = YES;
				GCC_OPTIMIZATION_LEVEL = 0;
				GCC_PREPROCESSOR_DEFINITIONS = (
					"DEBUG=1",
					"$(inherited)",
				);
				GCC_WARN_64_TO_32_BIT_CONVERSION = YES;
				GCC_WARN_ABOUT_RETURN_TYPE = YES_ERROR;
				GCC_WARN_UNDECLARED_SELECTOR = YES;
				GCC_WARN_UNINITIALIZED_AUTOS = YES_AGGRESSIVE;
				GCC_WARN_UNUSED_FUNCTION = YES;
				GCC_WARN_UNUSED_VARIABLE = YES;
				MACOSX_DEPLOYMENT_TARGET = 11.1;
				MTL_ENABLE_DEBUG_INFO = INCLUDE_SOURCE;
				MTL_FAST_MATH = YES;
				ONLY_ACTIVE_ARCH = YES;
				SDKROOT = macosx;
			};
			name = Debug;
		};
		F307222825AF0DF70039577C /* Release */ = {
			isa = XCBuildConfiguration;
			buildSettings = {
				ALWAYS_SEARCH_USER_PATHS = NO;
				CLANG_ANALYZER_NONNULL = YES;
				CLANG_ANALYZER_NUMBER_OBJECT_CONVERSION = YES_AGGRESSIVE;
				CLANG_CXX_LANGUAGE_STANDARD = "gnu++14";
				CLANG_CXX_LIBRARY = "libc++";
				CLANG_ENABLE_MODULES = YES;
				CLANG_ENABLE_OBJC_ARC = YES;
				CLANG_ENABLE_OBJC_WEAK = YES;
				CLANG_WARN_BLOCK_CAPTURE_AUTORELEASING = YES;
				CLANG_WARN_BOOL_CONVERSION = YES;
				CLANG_WARN_COMMA = YES;
				CLANG_WARN_CONSTANT_CONVERSION = YES;
				CLANG_WARN_DEPRECATED_OBJC_IMPLEMENTATIONS = YES;
				CLANG_WARN_DIRECT_OBJC_ISA_USAGE = YES_ERROR;
				CLANG_WARN_DOCUMENTATION_COMMENTS = YES;
				CLANG_WARN_EMPTY_BODY = YES;
				CLANG_WARN_ENUM_CONVERSION = YES;
				CLANG_WARN_INFINITE_RECURSION = YES;
				CLANG_WARN_INT_CONVERSION = YES;
				CLANG_WARN_NON_LITERAL_NULL_CONVERSION = YES;
				CLANG_WARN_OBJC_IMPLICIT_RETAIN_SELF = YES;
				CLANG_WARN_OBJC_LITERAL_CONVERSION = YES;
				CLANG_WARN_OBJC_ROOT_CLASS = YES_ERROR;
				CLANG_WARN_QUOTED_INCLUDE_IN_FRAMEWORK_HEADER = YES;
				CLANG_WARN_RANGE_LOOP_ANALYSIS = YES;
				CLANG_WARN_STRICT_PROTOTYPES = YES;
				CLANG_WARN_SUSPICIOUS_MOVE = YES;
				CLANG_WARN_UNGUARDED_AVAILABILITY = YES_AGGRESSIVE;
				CLANG_WARN_UNREACHABLE_CODE = YES;
				CLANG_WARN__DUPLICATE_METHOD_MATCH = YES;
				COPY_PHASE_STRIP = NO;
				DEBUG_INFORMATION_FORMAT = "dwarf-with-dsym";
				ENABLE_NS_ASSERTIONS = NO;
				ENABLE_STRICT_OBJC_MSGSEND = YES;
				GCC_C_LANGUAGE_STANDARD = gnu11;
				GCC_NO_COMMON_BLOCKS = YES;
				GCC_WARN_64_TO_32_BIT_CONVERSION = YES;
				GCC_WARN_ABOUT_RETURN_TYPE = YES_ERROR;
				GCC_WARN_UNDECLARED_SELECTOR = YES;
				GCC_WARN_UNINITIALIZED_AUTOS = YES_AGGRESSIVE;
				GCC_WARN_UNUSED_FUNCTION = YES;
				GCC_WARN_UNUSED_VARIABLE = YES;
				MACOSX_DEPLOYMENT_TARGET = 11.1;
				MTL_ENABLE_DEBUG_INFO = NO;
				MTL_FAST_MATH = YES;
				SDKROOT = macosx;
			};
			name = Release;
		};
		F307222A25AF0DF70039577C /* Debug */ = {
			isa = XCBuildConfiguration;
			buildSettings = {
				ASSETCATALOG_COMPILER_APPICON_NAME = AppIcon;
				ASSETCATALOG_COMPILER_GLOBAL_ACCENT_COLOR_NAME = AccentColor;
				CODE_SIGN_ENTITLEMENTS = Project16/Project16.entitlements;
				CODE_SIGN_STYLE = Automatic;
				COMBINE_HIDPI_IMAGES = YES;
				DEVELOPMENT_TEAM = P53D29U9LJ;
				ENABLE_HARDENED_RUNTIME = YES;
				INFOPLIST_FILE = Project16/Info.plist;
				LD_RUNPATH_SEARCH_PATHS = (
					"$(inherited)",
					"@executable_path/../Frameworks",
				);
				PRODUCT_BUNDLE_IDENTIFIER = com.pookjw.Project16;
				PRODUCT_NAME = "$(TARGET_NAME)";
			};
			name = Debug;
		};
		F307222B25AF0DF70039577C /* Release */ = {
			isa = XCBuildConfiguration;
			buildSettings = {
				ASSETCATALOG_COMPILER_APPICON_NAME = AppIcon;
				ASSETCATALOG_COMPILER_GLOBAL_ACCENT_COLOR_NAME = AccentColor;
				CODE_SIGN_ENTITLEMENTS = Project16/Project16.entitlements;
				CODE_SIGN_STYLE = Automatic;
				COMBINE_HIDPI_IMAGES = YES;
				DEVELOPMENT_TEAM = P53D29U9LJ;
				ENABLE_HARDENED_RUNTIME = YES;
				INFOPLIST_FILE = Project16/Info.plist;
				LD_RUNPATH_SEARCH_PATHS = (
					"$(inherited)",
					"@executable_path/../Frameworks",
				);
				PRODUCT_BUNDLE_IDENTIFIER = com.pookjw.Project16;
				PRODUCT_NAME = "$(TARGET_NAME)";
			};
			name = Release;
		};
/* End XCBuildConfiguration section */

/* Begin XCConfigurationList section */
		F307221025AF0DF50039577C /* Build configuration list for PBXProject "Project16" */ = {
			isa = XCConfigurationList;
			buildConfigurations = (
				F307222725AF0DF70039577C /* Debug */,
				F307222825AF0DF70039577C /* Release */,
			);
			defaultConfigurationIsVisible = 0;
			defaultConfigurationName = Release;
		};
		F307222925AF0DF70039577C /* Build configuration list for PBXNativeTarget "Project16" */ = {
			isa = XCConfigurationList;
			buildConfigurations = (
				F307222A25AF0DF70039577C /* Debug */,
				F307222B25AF0DF70039577C /* Release */,
			);
			defaultConfigurationIsVisible = 0;
			defaultConfigurationName = Release;
		};
/* End XCConfigurationList section */
	};
	rootObject = F307220D25AF0DF50039577C /* Project object */;
}
